
Microsoft Visual Studio Solution File, Format Version 12.00
# Visual Studio Version 17
VisualStudioVersion = 17.1.32421.90
MinimumVisualStudioVersion = 10.0.40219.1
Project("{9A19103F-16F7-4668-BE54-9A1E7A4F7556}") = "CrudPeliculas_RazorPages_EntityFramework", "CrudPeliculas_RazorPages_EntityFramework\CrudPeliculas_RazorPages_EntityFramework.csproj", "{0A699484-933F-4E5C-8A1A-5A75C0AA8B6D}"
EndProject
Global
	GlobalSection(SolutionConfigurationPlatforms) = preSolution
		Debug|Any CPU = Debug|Any CPU
		Release|Any CPU = Release|Any CPU
	EndGlobalSection
	GlobalSection(ProjectConfigurationPlatforms) = postSolution
		{0A699484-933F-4E5C-8A1A-5A75C0AA8B6D}.Debug|Any CPU.ActiveCfg = Debug|Any CPU
		{0A699484-933F-4E5C-8A1A-5A75C0AA8B6D}.Debug|Any CPU.Build.0 = Debug|Any CPU
		{0A699484-933F-4E5C-8A1A-5A75C0AA8B6D}.Release|Any CPU.ActiveCfg = Release|Any CPU
		{0A699484-933F-4E5C-8A1A-5A75C0AA8B6D}.Release|Any CPU.Build.0 = Release|Any CPU
	EndGlobalSection
	GlobalSection(SolutionProperties) = preSolution
		HideSolutionNode = FALSE
	EndGlobalSection
	GlobalSection(ExtensibilityGlobals) = postSolution
		SolutionGuid = {554F9EE9-A228-4375-9363-3EC7B206C48D}
	EndGlobalSection
EndGlobal
